<?xml version="1.0" encoding="utf-8"?>
<Project ToolsVersion="4.0" xmlns="http://schemas.microsoft.com/developer/msbuild/2003">
  <ItemGroup>
    <Filter Include="Engine">
      <UniqueIdentifier>{9371a536-2181-4157-a2e3-0ed6da179df5}</UniqueIdentifier>
    </Filter>
    <Filter Include="Engine\WinMain">
      <UniqueIdentifier>{8acc7cdf-be5a-40d4-8f33-1b4e6e09da59}</UniqueIdentifier>
    </Filter>
    <Filter Include="Main">
      <UniqueIdentifier>{1e2e29a3-7992-4740-9763-e58f04f8c7ef}</UniqueIdentifier>
    </Filter>
    <Filter Include="Engine\Resource">
      <UniqueIdentifier>{e418c61a-bec7-4104-a054-c23282bad268}</UniqueIdentifier>
    </Filter>
  </ItemGroup>
  <ItemGroup>
    <ClInclude Include="Source\Engine\Engine.h">
      <Filter>Engine</Filter>
    </ClInclude>
    <ClInclude Include="Source\Engine\WinMain\Win32Application.h">
      <Filter>Engine\WinMain</Filter>
    </ClInclude>
    <ClInclude Include="Source\Engine\Resource\Resource.h">
      <Filter>Engine\Resource</Filter>
    </ClInclude>
    <ClInclude Include="Source\Engine\Resource\targetver.h">
      <Filter>Engine\Resource</Filter>
    </ClInclude>
  </ItemGroup>
  <ItemGroup>
    <ClCompile Include="Source\Engine\WinMain\Win32Application.cpp">
      <Filter>Engine\WinMain</Filter>
    </ClCompile>
    <ClCompile Include="Source\Engine\WinMain\WinMain.cpp">
      <Filter>Engine\WinMain</Filter>
    </ClCompile>
  </ItemGroup>
  <ItemGroup>
    <Image Include="Source\Engine\Resource\small.ico">
      <Filter>Engine\Resource</Filter>
    </Image>
    <Image Include="Source\Engine\Resource\SomEngine.ico">
      <Filter>Engine\Resource</Filter>
    </Image>
  </ItemGroup>
  <ItemGroup>
    <ResourceCompile Include="Source\Engine\Resource\SomEngine.rc">
      <Filter>Engine\Resource</Filter>
    </ResourceCompile>
  </ItemGroup>
</Project>