<?xml version="1.0" encoding="utf-8"?>
<Project ToolsVersion="4.0" xmlns="http://schemas.microsoft.com/developer/msbuild/2003">
  <ItemGroup>
    <Filter Include="Engine">
      <UniqueIdentifier>{9371a536-2181-4157-a2e3-0ed6da179df5}</UniqueIdentifier>
    </Filter>
    <Filter Include="Engine\WinMain">
      <UniqueIdentifier>{8acc7cdf-be5a-40d4-8f33-1b4e6e09da59}</UniqueIdentifier>
    </Filter>
    <Filter Include="Main">
      <UniqueIdentifier>{1e2e29a3-7992-4740-9763-e58f04f8c7ef}</UniqueIdentifier>
    </Filter>
    <Filter Include="Engine\Resource">
      <UniqueIdentifier>{e418c61a-bec7-4104-a054-c23282bad268}</UniqueIdentifier>
    </Filter>
    <Filter Include="Engine\SomFramework">
      <UniqueIdentifier>{64a521b2-aad6-4ec0-b425-f2794ad4a3e1}</UniqueIdentifier>
    </Filter>
    <Filter Include="Engine\SomFramework\Rendering">
      <UniqueIdentifier>{c26288fb-8c97-44dc-b03a-7f70bf402b85}</UniqueIdentifier>
    </Filter>
    <Filter Include="Engine\SomFramework\Rendering\SoftRenderer">
      <UniqueIdentifier>{00251de8-d0ae-4a97-9fdf-82be990a46a5}</UniqueIdentifier>
    </Filter>
    <Filter Include="Engine\SomFramework\Game">
      <UniqueIdentifier>{8744b427-17d7-4a1f-b3ad-8f2984491733}</UniqueIdentifier>
    </Filter>
    <Filter Include="Engine\SomFramework\Game\Object">
      <UniqueIdentifier>{82823a11-7872-45ed-bca4-98a9922bba3e}</UniqueIdentifier>
    </Filter>
    <Filter Include="Engine\SomFramework\Libraries">
      <UniqueIdentifier>{b602d141-68ee-4e39-bed6-ea6ecdfc75bd}</UniqueIdentifier>
    </Filter>
    <Filter Include="Engine\SomFramework\Libraries\Math">
      <UniqueIdentifier>{302b98ed-22e8-4fed-bfcb-98a40a4e1d88}</UniqueIdentifier>
    </Filter>
    <Filter Include="Engine\SomFramework\Libraries\Draw">
      <UniqueIdentifier>{7b529e7e-7c20-4573-bf0f-c24e1f98413d}</UniqueIdentifier>
    </Filter>
    <Filter Include="Engine\SomFramework\Libraries\Parser">
      <UniqueIdentifier>{042440f9-e18d-45ab-a448-3aeffc18c235}</UniqueIdentifier>
    </Filter>
    <Filter Include="Engine\SomFramework\Libraries\Container">
      <UniqueIdentifier>{d100b1ce-c595-4bb5-87b3-cb86bba5b5bf}</UniqueIdentifier>
    </Filter>
    <Filter Include="Engine\SomFramework\Libraries\Container\Color">
      <UniqueIdentifier>{e6b3321d-b4d8-4584-b8e4-06c390a913ff}</UniqueIdentifier>
    </Filter>
    <Filter Include="Engine\SomFramework\Libraries\Container\Vector">
      <UniqueIdentifier>{5052dd8c-df1f-41e9-9ce1-38343cbe317d}</UniqueIdentifier>
    </Filter>
    <Filter Include="Main\Core">
      <UniqueIdentifier>{c2efacc2-189d-4acd-98bc-aa8950289214}</UniqueIdentifier>
    </Filter>
    <Filter Include="Engine\SomFramework\Libraries\Interface">
      <UniqueIdentifier>{20dc23d9-9e0e-4119-9bbb-f2e627030476}</UniqueIdentifier>
    </Filter>
    <Filter Include="Engine\SomFramework\Libraries\Container\Mesh">
      <UniqueIdentifier>{a682cdd0-2280-4407-9fd0-d58c289352a6}</UniqueIdentifier>
    </Filter>
    <Filter Include="Engine\SomFramework\Libraries\Container\Mesh\Triangle">
      <UniqueIdentifier>{d21513c1-2147-4892-8a73-7da6b33478d7}</UniqueIdentifier>
    </Filter>
    <Filter Include="Engine\SomFramework\Libraries\Container\Texture">
      <UniqueIdentifier>{1127bea7-d42e-49b9-97cb-626cb9eeb80a}</UniqueIdentifier>
    </Filter>
    <Filter Include="Engine\SomFramework\Libraries\Container\Mesh\Quad">
      <UniqueIdentifier>{15d85823-7680-4c53-8a0f-4927df475fda}</UniqueIdentifier>
    </Filter>
    <Filter Include="Engine\SomFramework\Network">
      <UniqueIdentifier>{c4857627-c60f-4f9f-9abb-79e04399fa0c}</UniqueIdentifier>
    </Filter>
    <Filter Include="Engine\SomFramework\Rendering\DX11">
      <UniqueIdentifier>{cbd980ce-4cf4-4fd3-b52f-4cff286b4e4f}</UniqueIdentifier>
    </Filter>
  </ItemGroup>
  <ItemGroup>
    <ClInclude Include="Source\Engine\Engine.h">
      <Filter>Engine</Filter>
    </ClInclude>
    <ClInclude Include="Source\Engine\WinMain\Win32Application.h">
      <Filter>Engine\WinMain</Filter>
    </ClInclude>
    <ClInclude Include="Source\Engine\Resource\Resource.h">
      <Filter>Engine\Resource</Filter>
    </ClInclude>
    <ClInclude Include="Source\Engine\Resource\targetver.h">
      <Filter>Engine\Resource</Filter>
    </ClInclude>
    <ClInclude Include="Source\Main\SR_Sample.h">
      <Filter>Main</Filter>
    </ClInclude>
    <ClInclude Include="Source\Engine\SomFramework\Rendering\SoftRenderer\SomFramework_SR.h">
      <Filter>Engine\SomFramework\Rendering\SoftRenderer</Filter>
    </ClInclude>
    <ClInclude Include="Source\Engine\SomFramework\Game\Object\SomObject.h">
      <Filter>Engine\SomFramework\Game\Object</Filter>
    </ClInclude>
    <ClInclude Include="Source\Engine\SomFramework\Libraries\Container\Vector\Vector2D.h">
      <Filter>Engine\SomFramework\Libraries\Container\Vector</Filter>
    </ClInclude>
    <ClInclude Include="Source\Engine\SomFramework\Libraries\Draw\SomDrawLibrary.h">
      <Filter>Engine\SomFramework\Libraries\Draw</Filter>
    </ClInclude>
    <ClInclude Include="Source\Engine\SomFramework\Libraries\Math\SomMathLibrary.h">
      <Filter>Engine\SomFramework\Libraries\Math</Filter>
    </ClInclude>
    <ClInclude Include="Source\Engine\SomFramework\Libraries\Parser\TextureParser_Bmp.h">
      <Filter>Engine\SomFramework\Libraries\Parser</Filter>
    </ClInclude>
    <ClInclude Include="Source\Main\Core\SomManager_Main.h">
      <Filter>Main\Core</Filter>
    </ClInclude>
    <ClInclude Include="Source\Engine\SomFramework\Libraries\Container\Vector\Vector.h">
      <Filter>Engine\SomFramework\Libraries\Container\Vector</Filter>
    </ClInclude>
    <ClInclude Include="Source\Engine\SomFramework\Libraries\Interface\SomInterface_Actor.h">
      <Filter>Engine\SomFramework\Libraries\Interface</Filter>
    </ClInclude>
    <ClInclude Include="Source\Engine\SomFramework\Libraries\Container\Vector\Point.h">
      <Filter>Engine\SomFramework\Libraries\Container\Vector</Filter>
    </ClInclude>
    <ClInclude Include="Source\Engine\SomFramework\Libraries\Container\Mesh\Triangle\Triangle2D.h">
      <Filter>Engine\SomFramework\Libraries\Container\Mesh\Triangle</Filter>
    </ClInclude>
    <ClInclude Include="Source\Engine\SomFramework\Libraries\Container\Color\LinearColor.h">
      <Filter>Engine\SomFramework\Libraries\Container\Color</Filter>
    </ClInclude>
    <ClInclude Include="Source\Engine\SomFramework\Libraries\Container\Texture\Texture2D.h">
      <Filter>Engine\SomFramework\Libraries\Container\Texture</Filter>
    </ClInclude>
    <ClInclude Include="Source\Engine\SomFramework\Libraries\Container\Mesh\Quad\Quad2D.h">
      <Filter>Engine\SomFramework\Libraries\Container\Mesh\Quad</Filter>
    </ClInclude>
    <ClInclude Include="Source\Engine\SomFramework\Libraries\Container\Vector\Vertex.h">
      <Filter>Engine\SomFramework\Libraries\Container\Vector</Filter>
    </ClInclude>
    <ClInclude Include="Source\Main\Core\SomManager_Texture.h">
      <Filter>Main\Core</Filter>
    </ClInclude>
    <ClInclude Include="Source\Engine\SomFramework\Libraries\Container\Vector\Vector4.h">
      <Filter>Engine\SomFramework\Libraries\Container\Vector</Filter>
    </ClInclude>
    <ClInclude Include="Source\Engine\SomFramework\Network\SomNetLibrary.h">
      <Filter>Engine\SomFramework\Network</Filter>
    </ClInclude>
    <ClInclude Include="Source\Engine\SomFramework\Network\SomSocket.h">
      <Filter>Engine\SomFramework\Network</Filter>
    </ClInclude>
    <ClInclude Include="Source\Engine\SomFramework\Rendering\DX11\SomFramework_DX11.h">
      <Filter>Engine\SomFramework\Rendering\DX11</Filter>
    </ClInclude>
    <ClInclude Include="Source\Main\Core\SomManager_Input.h">
      <Filter>Main\Core</Filter>
    </ClInclude>
  </ItemGroup>
  <ItemGroup>
    <ClCompile Include="Source\Engine\WinMain\Win32Application.cpp">
      <Filter>Engine\WinMain</Filter>
    </ClCompile>
    <ClCompile Include="Source\Engine\WinMain\WinMain.cpp">
      <Filter>Engine\WinMain</Filter>
    </ClCompile>
    <ClCompile Include="Source\Main\SR_Sample.cpp">
      <Filter>Main</Filter>
    </ClCompile>
    <ClCompile Include="Source\Engine\SomFramework\Rendering\SoftRenderer\SomFramework_SR.cpp">
      <Filter>Engine\SomFramework\Rendering\SoftRenderer</Filter>
    </ClCompile>
    <ClCompile Include="Source\Engine\SomFramework\Game\Object\SomObject.cpp">
      <Filter>Engine\SomFramework\Game\Object</Filter>
    </ClCompile>
    <ClCompile Include="Source\Engine\SomFramework\Libraries\Draw\SomDrawLibrary.cpp">
      <Filter>Engine\SomFramework\Libraries\Draw</Filter>
    </ClCompile>
    <ClCompile Include="Source\Engine\SomFramework\Libraries\Math\SomMathLibrary.cpp">
      <Filter>Engine\SomFramework\Libraries\Math</Filter>
    </ClCompile>
    <ClCompile Include="Source\Engine\SomFramework\Libraries\Parser\TextureParser_Bmp.cpp">
      <Filter>Engine\SomFramework\Libraries\Parser</Filter>
    </ClCompile>
    <ClCompile Include="Source\Main\Core\SomManager_Main.cpp">
      <Filter>Main\Core</Filter>
    </ClCompile>
    <ClCompile Include="Source\Engine\SomFramework\Libraries\Interface\SomInterface_Actor.cpp">
      <Filter>Engine\SomFramework\Libraries\Interface</Filter>
    </ClCompile>
    <ClCompile Include="Source\Engine\SomFramework\Libraries\Container\Mesh\Triangle\Triangle2D.cpp">
      <Filter>Engine\SomFramework\Libraries\Container\Mesh\Triangle</Filter>
    </ClCompile>
    <ClCompile Include="Source\Engine\SomFramework\Libraries\Container\Mesh\Quad\Quad2D.cpp">
      <Filter>Engine\SomFramework\Libraries\Container\Mesh\Quad</Filter>
    </ClCompile>
    <ClCompile Include="Source\Main\Core\SomManager_Texture.cpp">
      <Filter>Main\Core</Filter>
    </ClCompile>
    <ClCompile Include="Source\Engine\SomFramework\Network\SomNetLibrary.cpp">
      <Filter>Engine\SomFramework\Network</Filter>
    </ClCompile>
    <ClCompile Include="Source\Engine\SomFramework\Network\SomSocket.cpp">
      <Filter>Engine\SomFramework\Network</Filter>
    </ClCompile>
    <ClCompile Include="Source\Engine\SomFramework\Rendering\DX11\SomFramework_DX11.cpp">
      <Filter>Engine\SomFramework\Rendering\DX11</Filter>
    </ClCompile>
    <ClCompile Include="Source\Main\Core\SomManager_Input.cpp">
      <Filter>Main\Core</Filter>
    </ClCompile>
  </ItemGroup>
  <ItemGroup>
    <Image Include="Source\Engine\Resource\small.ico">
      <Filter>Engine\Resource</Filter>
    </Image>
    <Image Include="Source\Engine\Resource\SomEngine.ico">
      <Filter>Engine\Resource</Filter>
    </Image>
  </ItemGroup>
  <ItemGroup>
    <ResourceCompile Include="Source\Engine\Resource\SomEngine.rc">
      <Filter>Engine\Resource</Filter>
    </ResourceCompile>
  </ItemGroup>
</Project>