<?xml version="1.0" encoding="utf-8"?>
<Project ToolsVersion="4.0" xmlns="http://schemas.microsoft.com/developer/msbuild/2003">
  <ItemGroup>
    <Filter Include="Private">
      <UniqueIdentifier>{2135f2ee-c6ad-4ed4-92aa-ed991e3e9f42}</UniqueIdentifier>
    </Filter>
    <Filter Include="Public">
      <UniqueIdentifier>{75975b9b-39d5-45fb-9993-81fe8eee28f4}</UniqueIdentifier>
    </Filter>
    <Filter Include="Public\Containers">
      <UniqueIdentifier>{689c9183-bd3f-4cdf-99dd-ced23e64cae7}</UniqueIdentifier>
    </Filter>
    <Filter Include="Private\Containers">
      <UniqueIdentifier>{99226517-155e-4907-ab86-4f685a4f8983}</UniqueIdentifier>
    </Filter>
  </ItemGroup>
  <ItemGroup>
    <ClInclude Include="Source\Public\MathUtility.h">
      <Filter>Public</Filter>
    </ClInclude>
    <ClInclude Include="Source\Public\Color32.h">
      <Filter>Public\Containers</Filter>
    </ClInclude>
    <ClInclude Include="Source\Public\LinearColor.h">
      <Filter>Public\Containers</Filter>
    </ClInclude>
    <ClInclude Include="Source\Public\Matrix.h">
      <Filter>Public\Containers</Filter>
    </ClInclude>
    <ClInclude Include="Source\Public\Matrix2D.h">
      <Filter>Public\Containers</Filter>
    </ClInclude>
    <ClInclude Include="Source\Public\Matrix3D.h">
      <Filter>Public\Containers</Filter>
    </ClInclude>
    <ClInclude Include="Source\Public\Point2D.h">
      <Filter>Public\Containers</Filter>
    </ClInclude>
    <ClInclude Include="Source\Public\Vector.h">
      <Filter>Public\Containers</Filter>
    </ClInclude>
    <ClInclude Include="Source\Public\Vector2D.h">
      <Filter>Public\Containers</Filter>
    </ClInclude>
    <ClInclude Include="Source\Public\Vector4.h">
      <Filter>Public\Containers</Filter>
    </ClInclude>
    <ClInclude Include="Source\Public\Vertex.h">
      <Filter>Public\Containers</Filter>
    </ClInclude>
    <ClInclude Include="Source\Public\CoreDefinition.h">
      <Filter>Public</Filter>
    </ClInclude>
    <ClInclude Include="Source\Public\Module_Math.h">
      <Filter>Public</Filter>
    </ClInclude>
    <ClInclude Include="Source\Public\pch.h">
      <Filter>Public</Filter>
    </ClInclude>
    <ClInclude Include="Source\Public\HSVColor.h">
      <Filter>Public\Containers</Filter>
    </ClInclude>
    <ClInclude Include="Source\Public\ScreenPoint2D.h">
      <Filter>Public\Containers</Filter>
    </ClInclude>
  </ItemGroup>
  <ItemGroup>
    <ClCompile Include="Source\Private\LinearColor.cpp">
      <Filter>Private\Containers</Filter>
    </ClCompile>
    <ClCompile Include="Source\Private\Vector2D.cpp">
      <Filter>Private\Containers</Filter>
    </ClCompile>
    <ClCompile Include="Source\Private\MathUtility.cpp">
      <Filter>Private</Filter>
    </ClCompile>
    <ClCompile Include="Source\Private\Module_Math.cpp">
      <Filter>Private</Filter>
    </ClCompile>
    <ClCompile Include="Source\Private\pch.cpp">
      <Filter>Private</Filter>
    </ClCompile>
  </ItemGroup>
</Project>