<?xml version="1.0" encoding="utf-8"?>
<Project ToolsVersion="4.0" xmlns="http://schemas.microsoft.com/developer/msbuild/2003">
  <ItemGroup>
    <Filter Include="Private">
      <UniqueIdentifier>{2135f2ee-c6ad-4ed4-92aa-ed991e3e9f42}</UniqueIdentifier>
    </Filter>
    <Filter Include="Public">
      <UniqueIdentifier>{75975b9b-39d5-45fb-9993-81fe8eee28f4}</UniqueIdentifier>
    </Filter>
    <Filter Include="Main">
      <UniqueIdentifier>{4FC737F1-C7A5-4376-A066-2A32D752A2FF}</UniqueIdentifier>
      <Extensions>cpp;c;cc;cxx;c++;cppm;ixx;def;odl;idl;hpj;bat;asm;asmx</Extensions>
    </Filter>
  </ItemGroup>
  <ItemGroup>
    <ClInclude Include="pch.h">
      <Filter>Main</Filter>
    </ClInclude>
    <ClInclude Include="Source\Color32.h">
      <Filter>Public</Filter>
    </ClInclude>
    <ClInclude Include="Source\LinearColor.h">
      <Filter>Public</Filter>
    </ClInclude>
    <ClInclude Include="Source\MathUtility.h">
      <Filter>Public</Filter>
    </ClInclude>
    <ClInclude Include="Source\Matrix.h">
      <Filter>Public</Filter>
    </ClInclude>
    <ClInclude Include="Source\Matrix2D.h">
      <Filter>Public</Filter>
    </ClInclude>
    <ClInclude Include="Source\Matrix3D.h">
      <Filter>Public</Filter>
    </ClInclude>
    <ClInclude Include="Source\Point2D.h">
      <Filter>Public</Filter>
    </ClInclude>
    <ClInclude Include="Source\Vector.h">
      <Filter>Public</Filter>
    </ClInclude>
    <ClInclude Include="Source\Vector2D.h">
      <Filter>Public</Filter>
    </ClInclude>
    <ClInclude Include="Source\Vector4.h">
      <Filter>Public</Filter>
    </ClInclude>
    <ClInclude Include="Source\Vertex.h">
      <Filter>Public</Filter>
    </ClInclude>
    <ClInclude Include="Module_Math.h">
      <Filter>Main</Filter>
    </ClInclude>
  </ItemGroup>
  <ItemGroup>
    <ClCompile Include="pch.cpp">
      <Filter>Main</Filter>
    </ClCompile>
    <ClCompile Include="Source\LinearColor.cpp">
      <Filter>Private</Filter>
    </ClCompile>
    <ClCompile Include="Source\MathUtility.cpp">
      <Filter>Private</Filter>
    </ClCompile>
    <ClCompile Include="Source\Vector2D.cpp">
      <Filter>Private</Filter>
    </ClCompile>
    <ClCompile Include="Module_Math.cpp">
      <Filter>Main</Filter>
    </ClCompile>
  </ItemGroup>
</Project>